
Microsoft Visual Studio Solution File, Format Version 12.00
# Visual Studio Version 16
VisualStudioVersion = 16.0.31702.278
MinimumVisualStudioVersion = 10.0.40219.1
Project("{FAE04EC0-301F-11D3-BF4B-00C04F79EFBC}") = "DataAccess", "DataAccess\DataAccess.csproj", "{FC1B0B59-A429-43C2-86A4-E135B305C00D}"
EndProject
Project("{FAE04EC0-301F-11D3-BF4B-00C04F79EFBC}") = "Business", "Business\Business.csproj", "{80831B28-5F28-4C12-96FE-62EC8ABC047A}"
EndProject
Project("{FAE04EC0-301F-11D3-BF4B-00C04F79EFBC}") = "Entities", "Entities\Entities.csproj", "{EA24BB9C-2286-4707-9C10-21E0E2937C7B}"
EndProject
Project("{FAE04EC0-301F-11D3-BF4B-00C04F79EFBC}") = "ConsoleUI", "ConsoleUI\ConsoleUI.csproj", "{ADFEC51C-FF3C-4B19-AE65-ADCB7BFC107D}"
EndProject
Global
	GlobalSection(SolutionConfigurationPlatforms) = preSolution
		Debug|Any CPU = Debug|Any CPU
		Release|Any CPU = Release|Any CPU
	EndGlobalSection
	GlobalSection(ProjectConfigurationPlatforms) = postSolution
		{FC1B0B59-A429-43C2-86A4-E135B305C00D}.Debug|Any CPU.ActiveCfg = Debug|Any CPU
		{FC1B0B59-A429-43C2-86A4-E135B305C00D}.Debug|Any CPU.Build.0 = Debug|Any CPU
		{FC1B0B59-A429-43C2-86A4-E135B305C00D}.Release|Any CPU.ActiveCfg = Release|Any CPU
		{FC1B0B59-A429-43C2-86A4-E135B305C00D}.Release|Any CPU.Build.0 = Release|Any CPU
		{80831B28-5F28-4C12-96FE-62EC8ABC047A}.Debug|Any CPU.ActiveCfg = Debug|Any CPU
		{80831B28-5F28-4C12-96FE-62EC8ABC047A}.Debug|Any CPU.Build.0 = Debug|Any CPU
		{80831B28-5F28-4C12-96FE-62EC8ABC047A}.Release|Any CPU.ActiveCfg = Release|Any CPU
		{80831B28-5F28-4C12-96FE-62EC8ABC047A}.Release|Any CPU.Build.0 = Release|Any CPU
		{EA24BB9C-2286-4707-9C10-21E0E2937C7B}.Debug|Any CPU.ActiveCfg = Debug|Any CPU
		{EA24BB9C-2286-4707-9C10-21E0E2937C7B}.Debug|Any CPU.Build.0 = Debug|Any CPU
		{EA24BB9C-2286-4707-9C10-21E0E2937C7B}.Release|Any CPU.ActiveCfg = Release|Any CPU
		{EA24BB9C-2286-4707-9C10-21E0E2937C7B}.Release|Any CPU.Build.0 = Release|Any CPU
		{ADFEC51C-FF3C-4B19-AE65-ADCB7BFC107D}.Debug|Any CPU.ActiveCfg = Debug|Any CPU
		{ADFEC51C-FF3C-4B19-AE65-ADCB7BFC107D}.Debug|Any CPU.Build.0 = Debug|Any CPU
		{ADFEC51C-FF3C-4B19-AE65-ADCB7BFC107D}.Release|Any CPU.ActiveCfg = Release|Any CPU
		{ADFEC51C-FF3C-4B19-AE65-ADCB7BFC107D}.Release|Any CPU.Build.0 = Release|Any CPU
	EndGlobalSection
	GlobalSection(SolutionProperties) = preSolution
		HideSolutionNode = FALSE
	EndGlobalSection
	GlobalSection(ExtensibilityGlobals) = postSolution
		SolutionGuid = {532CF237-9A2D-4FA9-8007-AD261A975A60}
	EndGlobalSection
EndGlobal
